
Microsoft Visual Studio Solution File, Format Version 12.00
# Visual Studio 14
VisualStudioVersion = 14.0.25420.1
MinimumVisualStudioVersion = 10.0.40219.1
Project("{8BC9CEB8-8B4A-11D0-8D11-00A0C91BC942}") = "Server", "Server\Server.vcxproj", "{C1C93920-8CAB-4AB8-839E-463D2A954A9B}"
EndProject
Project("{8BC9CEB8-8B4A-11D0-8D11-00A0C91BC942}") = "GateWay", "GateWay\GateWay.vcxproj", "{43AC2FD2-8589-4086-9563-5AD02E62A3BE}"
EndProject
Project("{8BC9CEB8-8B4A-11D0-8D11-00A0C91BC942}") = "Client", "Client\Client.vcxproj", "{BEFE101D-40B4-497A-9CC7-B6F685C8DA54}"
EndProject
Project("{2150E333-8FDC-42A3-9474-1A3956D46DE8}") = "Structures", "Structures", "{687F54F0-9045-420E-BA43-C782A3A5C789}"
	ProjectSection(SolutionItems) = preProject
		GameObjects.cpp = GameObjects.cpp
		GameObjects.h = GameObjects.h
		Skeleton.cpp = Skeleton.cpp
		Skeleton.h = Skeleton.h
	EndProjectSection
EndProject
Project("{8BC9CEB8-8B4A-11D0-8D11-00A0C91BC942}") = "ComunicationDLL", "ComunicationDLL\ComunicationDLL.vcxproj", "{01123929-9AB8-45A5-B5B6-76C472547032}"
EndProject
Global
	GlobalSection(SolutionConfigurationPlatforms) = preSolution
		Debug|x64 = Debug|x64
		Debug|x86 = Debug|x86
		Release|x64 = Release|x64
		Release|x86 = Release|x86
	EndGlobalSection
	GlobalSection(ProjectConfigurationPlatforms) = postSolution
		{C1C93920-8CAB-4AB8-839E-463D2A954A9B}.Debug|x64.ActiveCfg = Debug|x64
		{C1C93920-8CAB-4AB8-839E-463D2A954A9B}.Debug|x64.Build.0 = Debug|x64
		{C1C93920-8CAB-4AB8-839E-463D2A954A9B}.Debug|x86.ActiveCfg = Debug|Win32
		{C1C93920-8CAB-4AB8-839E-463D2A954A9B}.Debug|x86.Build.0 = Debug|Win32
		{C1C93920-8CAB-4AB8-839E-463D2A954A9B}.Release|x64.ActiveCfg = Release|x64
		{C1C93920-8CAB-4AB8-839E-463D2A954A9B}.Release|x64.Build.0 = Release|x64
		{C1C93920-8CAB-4AB8-839E-463D2A954A9B}.Release|x86.ActiveCfg = Release|Win32
		{C1C93920-8CAB-4AB8-839E-463D2A954A9B}.Release|x86.Build.0 = Release|Win32
		{43AC2FD2-8589-4086-9563-5AD02E62A3BE}.Debug|x64.ActiveCfg = Debug|x64
		{43AC2FD2-8589-4086-9563-5AD02E62A3BE}.Debug|x64.Build.0 = Debug|x64
		{43AC2FD2-8589-4086-9563-5AD02E62A3BE}.Debug|x86.ActiveCfg = Debug|Win32
		{43AC2FD2-8589-4086-9563-5AD02E62A3BE}.Debug|x86.Build.0 = Debug|Win32
		{43AC2FD2-8589-4086-9563-5AD02E62A3BE}.Release|x64.ActiveCfg = Release|x64
		{43AC2FD2-8589-4086-9563-5AD02E62A3BE}.Release|x64.Build.0 = Release|x64
		{43AC2FD2-8589-4086-9563-5AD02E62A3BE}.Release|x86.ActiveCfg = Release|Win32
		{43AC2FD2-8589-4086-9563-5AD02E62A3BE}.Release|x86.Build.0 = Release|Win32
		{BEFE101D-40B4-497A-9CC7-B6F685C8DA54}.Debug|x64.ActiveCfg = Debug|x64
		{BEFE101D-40B4-497A-9CC7-B6F685C8DA54}.Debug|x64.Build.0 = Debug|x64
		{BEFE101D-40B4-497A-9CC7-B6F685C8DA54}.Debug|x86.ActiveCfg = Debug|Win32
		{BEFE101D-40B4-497A-9CC7-B6F685C8DA54}.Debug|x86.Build.0 = Debug|Win32
		{BEFE101D-40B4-497A-9CC7-B6F685C8DA54}.Release|x64.ActiveCfg = Release|x64
		{BEFE101D-40B4-497A-9CC7-B6F685C8DA54}.Release|x64.Build.0 = Release|x64
		{BEFE101D-40B4-497A-9CC7-B6F685C8DA54}.Release|x86.ActiveCfg = Release|Win32
		{BEFE101D-40B4-497A-9CC7-B6F685C8DA54}.Release|x86.Build.0 = Release|Win32
		{01123929-9AB8-45A5-B5B6-76C472547032}.Debug|x64.ActiveCfg = Debug|x64
		{01123929-9AB8-45A5-B5B6-76C472547032}.Debug|x64.Build.0 = Debug|x64
		{01123929-9AB8-45A5-B5B6-76C472547032}.Debug|x86.ActiveCfg = Debug|Win32
		{01123929-9AB8-45A5-B5B6-76C472547032}.Debug|x86.Build.0 = Debug|Win32
		{01123929-9AB8-45A5-B5B6-76C472547032}.Release|x64.ActiveCfg = Release|x64
		{01123929-9AB8-45A5-B5B6-76C472547032}.Release|x64.Build.0 = Release|x64
		{01123929-9AB8-45A5-B5B6-76C472547032}.Release|x86.ActiveCfg = Release|Win32
		{01123929-9AB8-45A5-B5B6-76C472547032}.Release|x86.Build.0 = Release|Win32
	EndGlobalSection
	GlobalSection(SolutionProperties) = preSolution
		HideSolutionNode = FALSE
	EndGlobalSection
EndGlobal
